Microsoft Visual Studio Solution File, Format Version 12.00
# Visual Studio Version 17
VisualStudioVersion = 17.5.2.0
MinimumVisualStudioVersion = 10.0.40219.1
Project("{FAE04EC0-301F-11D3-BF4B-00C04F79EFBC}") = "XbrlGenerator", "XbrlGenerator\XbrlGenerator.csproj", "{9C37C42B-9726-E463-CEB9-7394F7C88319}"
EndProject
Global
	GlobalSection(SolutionConfigurationPlatforms) = preSolution
		Debug|Any CPU = Debug|Any CPU
		Release|Any CPU = Release|Any CPU
	EndGlobalSection
	GlobalSection(ProjectConfigurationPlatforms) = postSolution
		{9C37C42B-9726-E463-CEB9-7394F7C88319}.Debug|Any CPU.ActiveCfg = Debug|Any CPU
		{9C37C42B-9726-E463-CEB9-7394F7C88319}.Debug|Any CPU.Build.0 = Debug|Any CPU
		{9C37C42B-9726-E463-CEB9-7394F7C88319}.Release|Any CPU.ActiveCfg = Release|Any CPU
		{9C37C42B-9726-E463-CEB9-7394F7C88319}.Release|Any CPU.Build.0 = Release|Any CPU
	EndGlobalSection
	GlobalSection(SolutionProperties) = preSolution
		HideSolutionNode = FALSE
	EndGlobalSection
	GlobalSection(ExtensibilityGlobals) = postSolution
		SolutionGuid = {D7ADC0AF-2F40-476B-B00F-BB3509ECF606}
	EndGlobalSection
EndGlobal
